{
  "nodes": {
    "nixpkgs": {
      "locked": {
        "lastModified": 1791048980,
        "narHash": "sha256-KgItSKML8Xvte0B7/uGnBDsYzSnnKHcOaiUbgWBXLXw=",
        "owner": "nixos",
        "repo": "nixpkgs",
        "rev": "a7868a727837f3c09cee2ce0ca671c76b1589fed",
        "type": "github"
      },
      "original": {
        "owner": "nixos",
        "ref": "nixos-unstable",
        "repo": "nixpkgs",
        "type": "github"
      }
    },
    "root": {
      "inputs": {
        "nixpkgs": "nixpkgs",
        "tatr-src": "tatr-src"
      }
    },
    "tatr-src": {
      "flake": false,
      "locked": {
        "lastModified": 1789383258,
        "narHash": "sha256-yJPfmc8Cv4wvFjJcowePrgzsXihM3FzSmY9nOId5Og4=",
        "owner": "tsoding",
        "repo": "tatr",
        "rev": "9b0d752d992c024875882937eb1a0705ba4ba7fb",
        "type": "github"
      },
      "original": {
        "owner": "tsoding",
        "repo": "tatr",
        "type": "github"
      }
    }
  },
  "root": "root",
  "version": 7
}
