{
  "nodes": {
    "nixpkgs": {
      "locked": {
        "lastModified": 1789286504,
        "narHash": "sha256-eiEK7cKZORNEvX0GeF3RtNEF/JXhgf2RqSp3230q13E=",
        "owner": "nixos",
        "repo": "nixpkgs",
        "rev": "ef34387ddd751e1ab8857adf4676492d32eb24ec",
        "type": "github"
      },
      "original": {
        "owner": "nixos",
        "ref": "nixos-unstable",
        "repo": "nixpkgs",
        "type": "github"
      }
    },
    "root": {
      "inputs": {
        "nixpkgs": "nixpkgs",
        "tatr-src": "tatr-src"
      }
    },
    "tatr-src": {
      "flake": false,
      "locked": {
        "lastModified": 1789383258,
        "narHash": "sha256-yJPfmc8Cv4wvFjJcowePrgzsXihM3FzSmY9nOId5Og4=",
        "owner": "tsoding",
        "repo": "tatr",
        "rev": "9b0d752d992c024875882937eb1a0705ba4ba7fb",
        "type": "github"
      },
      "original": {
        "owner": "tsoding",
        "repo": "tatr",
        "type": "github"
      }
    }
  },
  "root": "root",
  "version": 7
}
