{
  "nodes": {
    "nixpkgs": {
      "locked": {
        "lastModified": 1789785513,
        "narHash": "sha256-B44WL6h0XoLjJ41bUPJk0X5SDinLCII//6EcBLXKiJ0=",
        "owner": "nixos",
        "repo": "nixpkgs",
        "rev": "20b1ddd1aa5ace70c9468305030aa4f9ef79671b",
        "type": "github"
      },
      "original": {
        "owner": "nixos",
        "ref": "nixos-unstable",
        "repo": "nixpkgs",
        "type": "github"
      }
    },
    "root": {
      "inputs": {
        "nixpkgs": "nixpkgs",
        "tatr-src": "tatr-src"
      }
    },
    "tatr-src": {
      "flake": false,
      "locked": {
        "lastModified": 1789383258,
        "narHash": "sha256-yJPfmc8Cv4wvFjJcowePrgzsXihM3FzSmY9nOId5Og4=",
        "owner": "tsoding",
        "repo": "tatr",
        "rev": "9b0d752d992c024875882937eb1a0705ba4ba7fb",
        "type": "github"
      },
      "original": {
        "owner": "tsoding",
        "repo": "tatr",
        "type": "github"
      }
    }
  },
  "root": "root",
  "version": 7
}
